
Microsoft Visual Studio Solution File, Format Version 12.00
# Visual Studio Version 17
VisualStudioVersion = 17.11.35303.130
MinimumVisualStudioVersion = 10.0.40219.1
Project("{FAE04EC0-301F-11D3-BF4B-00C04F79EFBC}") = "QuanLyCuaHangThuocSGU_Winform", "QuanLyCuaHangThuocSGU_Winform.csproj", "{7F280B3C-6053-4627-B9B5-3CF45DC6D76F}"
EndProject
Global
	GlobalSection(SolutionConfigurationPlatforms) = preSolution
		Debug|Any CPU = Debug|Any CPU
		Release|Any CPU = Release|Any CPU
	EndGlobalSection
	GlobalSection(ProjectConfigurationPlatforms) = postSolution
		{7F280B3C-6053-4627-B9B5-3CF45DC6D76F}.Debug|Any CPU.ActiveCfg = Debug|Any CPU
		{7F280B3C-6053-4627-B9B5-3CF45DC6D76F}.Debug|Any CPU.Build.0 = Debug|Any CPU
		{7F280B3C-6053-4627-B9B5-3CF45DC6D76F}.Release|Any CPU.ActiveCfg = Release|Any CPU
		{7F280B3C-6053-4627-B9B5-3CF45DC6D76F}.Release|Any CPU.Build.0 = Release|Any CPU
	EndGlobalSection
	GlobalSection(SolutionProperties) = preSolution
		HideSolutionNode = FALSE
	EndGlobalSection
	GlobalSection(ExtensibilityGlobals) = postSolution
		SolutionGuid = {DA12661C-9321-490D-AB10-31AB195A08F5}
	EndGlobalSection
EndGlobal
